
Microsoft Visual Studio Solution File, Format Version 12.00
# Visual Studio Version 17
VisualStudioVersion = 17.2.32616.157
MinimumVisualStudioVersion = 10.0.40219.1
Project("{8BC9CEB8-8B4A-11D0-8D11-00A0C91BC942}") = "New Project", "New Project\New Project.vcxproj", "{2C9AF1FB-071D-4D43-B22B-C54AB0302BDE}"
EndProject
Global
	GlobalSection(SolutionConfigurationPlatforms) = preSolution
		Debug|x64 = Debug|x64
		Debug|x86 = Debug|x86
		Release|x64 = Release|x64
		Release|x86 = Release|x86
	EndGlobalSection
	GlobalSection(ProjectConfigurationPlatforms) = postSolution
		{2C9AF1FB-071D-4D43-B22B-C54AB0302BDE}.Debug|x64.ActiveCfg = Debug|x64
		{2C9AF1FB-071D-4D43-B22B-C54AB0302BDE}.Debug|x64.Build.0 = Debug|x64
		{2C9AF1FB-071D-4D43-B22B-C54AB0302BDE}.Debug|x86.ActiveCfg = Debug|Win32
		{2C9AF1FB-071D-4D43-B22B-C54AB0302BDE}.Debug|x86.Build.0 = Debug|Win32
		{2C9AF1FB-071D-4D43-B22B-C54AB0302BDE}.Release|x64.ActiveCfg = Release|x64
		{2C9AF1FB-071D-4D43-B22B-C54AB0302BDE}.Release|x64.Build.0 = Release|x64
		{2C9AF1FB-071D-4D43-B22B-C54AB0302BDE}.Release|x86.ActiveCfg = Release|Win32
		{2C9AF1FB-071D-4D43-B22B-C54AB0302BDE}.Release|x86.Build.0 = Release|Win32
	EndGlobalSection
	GlobalSection(SolutionProperties) = preSolution
		HideSolutionNode = FALSE
	EndGlobalSection
	GlobalSection(ExtensibilityGlobals) = postSolution
		SolutionGuid = {0386828D-D5CB-4EE7-8437-83CCEC6E33F8}
	EndGlobalSection
EndGlobal
